{
  "name": "poc-m2-61850",
  "version": "1.0.0",
  "lockfileVersion": 3,
  "requires": true,
  "packages": {
    "": {
      "name": "poc-m2-61850",
      "version": "1.0.0",
      "license": "ISC",
      "dependencies": {
        "@amigo9090/ih-libiec61850-node": "^1.0.27"
      }
    },
    "node_modules/@amigo9090/ih-libiec61850-node": {
      "version": "1.0.27",
      "resolved": "https://registry.npmjs.org/@amigo9090/ih-libiec61850-node/-/ih-libiec61850-node-1.0.27.tgz",
      "integrity": "sha512-nGAPOHzxl+qBpjfKLex/QdTo0JLB6BQb3GwneKHe/mKLU8iDwrvvy44DvBHskxELfq4hwX0IaeIJ7qzeXXwlTg==",
      "cpu": [
        "x64",
        "ia32",
        "arm64",
        "arm"
      ],
      "hasInstallScript": true,
      "license": "MIT",
      "os": [
        "darwin",
        "linux",
        "win32"
      ],
      "dependencies": {
        "node-addon-api": "^7.0.0"
      }
    },
    "node_modules/node-addon-api": {
      "version": "7.1.1",
      "resolved": "https://registry.npmjs.org/node-addon-api/-/node-addon-api-7.1.1.tgz",
      "integrity": "sha512-5m3bsyrjFWE1xf7nz7YXdN4udnVtXK6/Yfgn5qnahL6bCkf2yKt4k3nuTKAtT4r3IG8JNR2ncsIMdZuAzJjHQQ==",
      "license": "MIT"
    }
  }
}
